
Microsoft Visual Studio Solution File, Format Version 12.00
# Visual Studio Version 17
VisualStudioVersion = 17.9.34728.123
MinimumVisualStudioVersion = 10.0.40219.1
Project("{9A19103F-16F7-4668-BE54-9A1E7A4F7556}") = "RiddleMeThisModel", "RiddleMeThisModel\RiddleMeThisModel.csproj", "{C218875A-F6CF-4EBE-ABE0-BC786CD9324E}"
EndProject
Project("{9A19103F-16F7-4668-BE54-9A1E7A4F7556}") = "RiddleMeThisDL", "RiddleMeThisDL\RiddleMeThisDL.csproj", "{07A64182-E485-49CD-80E3-DC0B093D0F1C}"
EndProject
Project("{9A19103F-16F7-4668-BE54-9A1E7A4F7556}") = "RiddleMeThisBL", "RiddleMeThisBL\RiddleMeThisBL.csproj", "{6AE5A703-5666-41DE-B8A5-4ABB67B87BCD}"
EndProject
Project("{9A19103F-16F7-4668-BE54-9A1E7A4F7556}") = "RiddleMeThisUI", "RiddleMeThisUI\RiddleMeThisUI.csproj", "{6F1E78D0-FA5D-4C85-A9A3-06DD920843C6}"
EndProject
Global
	GlobalSection(SolutionConfigurationPlatforms) = preSolution
		Debug|Any CPU = Debug|Any CPU
		Release|Any CPU = Release|Any CPU
	EndGlobalSection
	GlobalSection(ProjectConfigurationPlatforms) = postSolution
		{C218875A-F6CF-4EBE-ABE0-BC786CD9324E}.Debug|Any CPU.ActiveCfg = Debug|Any CPU
		{C218875A-F6CF-4EBE-ABE0-BC786CD9324E}.Debug|Any CPU.Build.0 = Debug|Any CPU
		{C218875A-F6CF-4EBE-ABE0-BC786CD9324E}.Release|Any CPU.ActiveCfg = Release|Any CPU
		{C218875A-F6CF-4EBE-ABE0-BC786CD9324E}.Release|Any CPU.Build.0 = Release|Any CPU
		{07A64182-E485-49CD-80E3-DC0B093D0F1C}.Debug|Any CPU.ActiveCfg = Debug|Any CPU
		{07A64182-E485-49CD-80E3-DC0B093D0F1C}.Debug|Any CPU.Build.0 = Debug|Any CPU
		{07A64182-E485-49CD-80E3-DC0B093D0F1C}.Release|Any CPU.ActiveCfg = Release|Any CPU
		{07A64182-E485-49CD-80E3-DC0B093D0F1C}.Release|Any CPU.Build.0 = Release|Any CPU
		{6AE5A703-5666-41DE-B8A5-4ABB67B87BCD}.Debug|Any CPU.ActiveCfg = Debug|Any CPU
		{6AE5A703-5666-41DE-B8A5-4ABB67B87BCD}.Debug|Any CPU.Build.0 = Debug|Any CPU
		{6AE5A703-5666-41DE-B8A5-4ABB67B87BCD}.Release|Any CPU.ActiveCfg = Release|Any CPU
		{6AE5A703-5666-41DE-B8A5-4ABB67B87BCD}.Release|Any CPU.Build.0 = Release|Any CPU
		{6F1E78D0-FA5D-4C85-A9A3-06DD920843C6}.Debug|Any CPU.ActiveCfg = Debug|Any CPU
		{6F1E78D0-FA5D-4C85-A9A3-06DD920843C6}.Debug|Any CPU.Build.0 = Debug|Any CPU
		{6F1E78D0-FA5D-4C85-A9A3-06DD920843C6}.Release|Any CPU.ActiveCfg = Release|Any CPU
		{6F1E78D0-FA5D-4C85-A9A3-06DD920843C6}.Release|Any CPU.Build.0 = Release|Any CPU
	EndGlobalSection
	GlobalSection(SolutionProperties) = preSolution
		HideSolutionNode = FALSE
	EndGlobalSection
	GlobalSection(ExtensibilityGlobals) = postSolution
		SolutionGuid = {EDE82F69-A09B-459A-8385-A5036662926B}
	EndGlobalSection
EndGlobal
